
Microsoft Visual Studio Solution File, Format Version 12.00
# Visual Studio 2012
Project("{FAE04EC0-301F-11D3-BF4B-00C04F79EFBC}") = "iOS", "iOS\iOS.csproj", "{E9AB8171-F5FB-45CA-918B-658F8B274E82}"
EndProject
Global
	GlobalSection(SolutionConfigurationPlatforms) = preSolution
		Debug|iPhoneSimulator = Debug|iPhoneSimulator
		Release|iPhoneSimulator = Release|iPhoneSimulator
		Debug|iPhone = Debug|iPhone
		Release|iPhone = Release|iPhone
		Ad-Hoc|iPhone = Ad-Hoc|iPhone
		AppStore|iPhone = AppStore|iPhone
	EndGlobalSection
	GlobalSection(ProjectConfigurationPlatforms) = postSolution
		{E9AB8171-F5FB-45CA-918B-658F8B274E82}.Ad-Hoc|iPhone.ActiveCfg = Ad-Hoc|iPhone
		{E9AB8171-F5FB-45CA-918B-658F8B274E82}.Ad-Hoc|iPhone.Build.0 = Ad-Hoc|iPhone
		{E9AB8171-F5FB-45CA-918B-658F8B274E82}.AppStore|iPhone.ActiveCfg = AppStore|iPhone
		{E9AB8171-F5FB-45CA-918B-658F8B274E82}.AppStore|iPhone.Build.0 = AppStore|iPhone
		{E9AB8171-F5FB-45CA-918B-658F8B274E82}.Debug|iPhone.ActiveCfg = Debug|iPhone
		{E9AB8171-F5FB-45CA-918B-658F8B274E82}.Debug|iPhone.Build.0 = Debug|iPhone
		{E9AB8171-F5FB-45CA-918B-658F8B274E82}.Debug|iPhoneSimulator.ActiveCfg = Debug|iPhoneSimulator
		{E9AB8171-F5FB-45CA-918B-658F8B274E82}.Debug|iPhoneSimulator.Build.0 = Debug|iPhoneSimulator
		{E9AB8171-F5FB-45CA-918B-658F8B274E82}.Release|iPhone.ActiveCfg = Release|iPhone
		{E9AB8171-F5FB-45CA-918B-658F8B274E82}.Release|iPhone.Build.0 = Release|iPhone
		{E9AB8171-F5FB-45CA-918B-658F8B274E82}.Release|iPhoneSimulator.ActiveCfg = Release|iPhoneSimulator
		{E9AB8171-F5FB-45CA-918B-658F8B274E82}.Release|iPhoneSimulator.Build.0 = Release|iPhoneSimulator
	EndGlobalSection
EndGlobal
